
Microsoft Visual Studio Solution File, Format Version 12.00
# Visual Studio 15
VisualStudioVersion = 15.0.28307.168
MinimumVisualStudioVersion = 10.0.40219.1
Project("{2150E333-8FDC-42A3-9474-1A3956D46DE8}") = "Build", "Build", "{27E7CEA7-B2B1-4560-9817-3E385E7CE0C6}"
	ProjectSection(SolutionItems) = preProject
		.gitattributes = .gitattributes
		.gitignore = .gitignore
		build.sh = build.sh
		LICENSE.md = LICENSE.md
		README.md = README.md
		Vagrantfile = Vagrantfile
	EndProjectSection
EndProject
Project("{9A19103F-16F7-4668-BE54-9A1E7A4F7556}") = "Gherkin", "Gherkin\Gherkin.csproj", "{E3337EA9-9AD8-45C1-B6FB-83D5A3C5CADA}"
EndProject
Global
	GlobalSection(SolutionConfigurationPlatforms) = preSolution
		Debug|Any CPU = Debug|Any CPU
		Release|Any CPU = Release|Any CPU
	EndGlobalSection
	GlobalSection(ProjectConfigurationPlatforms) = postSolution
		{E3337EA9-9AD8-45C1-B6FB-83D5A3C5CADA}.Debug|Any CPU.ActiveCfg = Debug|Any CPU
		{E3337EA9-9AD8-45C1-B6FB-83D5A3C5CADA}.Debug|Any CPU.Build.0 = Debug|Any CPU
		{E3337EA9-9AD8-45C1-B6FB-83D5A3C5CADA}.Release|Any CPU.ActiveCfg = Release|Any CPU
		{E3337EA9-9AD8-45C1-B6FB-83D5A3C5CADA}.Release|Any CPU.Build.0 = Release|Any CPU
	EndGlobalSection
	GlobalSection(SolutionProperties) = preSolution
		HideSolutionNode = FALSE
	EndGlobalSection
	GlobalSection(ExtensibilityGlobals) = postSolution
		SolutionGuid = {52E269C0-07AF-4330-916F-B866564D47E2}
	EndGlobalSection
EndGlobal
